
Microsoft Visual Studio Solution File, Format Version 12.00
# Visual Studio 15
VisualStudioVersion = 15.0.28307.1169
MinimumVisualStudioVersion = 10.0.40219.1
Project("{9A19103F-16F7-4668-BE54-9A1E7A4F7556}") = "MedicineShopBackEnd", "MedicineShopBackEnd\MedicineShopBackEnd.csproj", "{AB8B3B7C-A7B4-4390-A901-104AAD3A7878}"
EndProject
Project("{9A19103F-16F7-4668-BE54-9A1E7A4F7556}") = "MedicineShopBackEnd.Data", "MedicineShopBackEnd.Data\MedicineShopBackEnd.Data.csproj", "{F245C7EB-379F-4CAC-9A1C-73246BBBA466}"
EndProject
Project("{9A19103F-16F7-4668-BE54-9A1E7A4F7556}") = "MedicineShopBackEnd.Model", "MedicineShopBackEnd.Model\MedicineShopBackEnd.Model.csproj", "{A3A23144-A07A-44BA-BEF6-24519F7E49FB}"
EndProject
Project("{9A19103F-16F7-4668-BE54-9A1E7A4F7556}") = "MedicineShopBackEnd.Services", "MedicineShopBackEnd.Services\MedicineShopBackEnd.Services.csproj", "{B912A00B-9266-433F-A8D5-BEF4E8B0A5C5}"
EndProject
Global
	GlobalSection(SolutionConfigurationPlatforms) = preSolution
		Debug|Any CPU = Debug|Any CPU
		Release|Any CPU = Release|Any CPU
	EndGlobalSection
	GlobalSection(ProjectConfigurationPlatforms) = postSolution
		{AB8B3B7C-A7B4-4390-A901-104AAD3A7878}.Debug|Any CPU.ActiveCfg = Debug|Any CPU
		{AB8B3B7C-A7B4-4390-A901-104AAD3A7878}.Debug|Any CPU.Build.0 = Debug|Any CPU
		{AB8B3B7C-A7B4-4390-A901-104AAD3A7878}.Release|Any CPU.ActiveCfg = Release|Any CPU
		{AB8B3B7C-A7B4-4390-A901-104AAD3A7878}.Release|Any CPU.Build.0 = Release|Any CPU
		{F245C7EB-379F-4CAC-9A1C-73246BBBA466}.Debug|Any CPU.ActiveCfg = Debug|Any CPU
		{F245C7EB-379F-4CAC-9A1C-73246BBBA466}.Debug|Any CPU.Build.0 = Debug|Any CPU
		{F245C7EB-379F-4CAC-9A1C-73246BBBA466}.Release|Any CPU.ActiveCfg = Release|Any CPU
		{F245C7EB-379F-4CAC-9A1C-73246BBBA466}.Release|Any CPU.Build.0 = Release|Any CPU
		{A3A23144-A07A-44BA-BEF6-24519F7E49FB}.Debug|Any CPU.ActiveCfg = Debug|Any CPU
		{A3A23144-A07A-44BA-BEF6-24519F7E49FB}.Debug|Any CPU.Build.0 = Debug|Any CPU
		{A3A23144-A07A-44BA-BEF6-24519F7E49FB}.Release|Any CPU.ActiveCfg = Release|Any CPU
		{A3A23144-A07A-44BA-BEF6-24519F7E49FB}.Release|Any CPU.Build.0 = Release|Any CPU
		{B912A00B-9266-433F-A8D5-BEF4E8B0A5C5}.Debug|Any CPU.ActiveCfg = Debug|Any CPU
		{B912A00B-9266-433F-A8D5-BEF4E8B0A5C5}.Debug|Any CPU.Build.0 = Debug|Any CPU
		{B912A00B-9266-433F-A8D5-BEF4E8B0A5C5}.Release|Any CPU.ActiveCfg = Release|Any CPU
		{B912A00B-9266-433F-A8D5-BEF4E8B0A5C5}.Release|Any CPU.Build.0 = Release|Any CPU
	EndGlobalSection
	GlobalSection(SolutionProperties) = preSolution
		HideSolutionNode = FALSE
	EndGlobalSection
	GlobalSection(ExtensibilityGlobals) = postSolution
		SolutionGuid = {F04B134A-3452-48D0-ACE5-1BD40C6FD6AD}
	EndGlobalSection
EndGlobal
